
Microsoft Visual Studio Solution File, Format Version 12.00
# Visual Studio Version 17
VisualStudioVersion = 17.14.36109.1 d17.14
MinimumVisualStudioVersion = 10.0.40219.1
Project("{FAE04EC0-301F-11D3-BF4B-00C04F79EFBC}") = "BusTicketSystem", "BusTicketSystem\BusTicketSystem.csproj", "{C7BB277A-1697-41A7-95E1-75B2D75A9F92}"
EndProject
Global
	GlobalSection(SolutionConfigurationPlatforms) = preSolution
		Debug|Any CPU = Debug|Any CPU
		Release|Any CPU = Release|Any CPU
	EndGlobalSection
	GlobalSection(ProjectConfigurationPlatforms) = postSolution
		{C7BB277A-1697-41A7-95E1-75B2D75A9F92}.Debug|Any CPU.ActiveCfg = Debug|Any CPU
		{C7BB277A-1697-41A7-95E1-75B2D75A9F92}.Debug|Any CPU.Build.0 = Debug|Any CPU
		{C7BB277A-1697-41A7-95E1-75B2D75A9F92}.Release|Any CPU.ActiveCfg = Release|Any CPU
		{C7BB277A-1697-41A7-95E1-75B2D75A9F92}.Release|Any CPU.Build.0 = Release|Any CPU
	EndGlobalSection
	GlobalSection(SolutionProperties) = preSolution
		HideSolutionNode = FALSE
	EndGlobalSection
	GlobalSection(ExtensibilityGlobals) = postSolution
		SolutionGuid = {913DEDD7-8942-4125-A4E0-E84D9619EB3C}
	EndGlobalSection
EndGlobal
